
Microsoft Visual Studio Solution File, Format Version 12.00
# Visual Studio Version 17
VisualStudioVersion = 17.14.36518.9
MinimumVisualStudioVersion = 10.0.40219.1
Project("{FAE04EC0-301F-11D3-BF4B-00C04F79EFBC}") = "GUI", "GUI\GUI.csproj", "{2D431BAB-131D-4E29-980E-CE991304A0FF}"
EndProject
Project("{FAE04EC0-301F-11D3-BF4B-00C04F79EFBC}") = "Core", "Core\Core.csproj", "{C3CCDEE0-DC04-4517-9416-11AF30CF57F1}"
EndProject
Global
	GlobalSection(SolutionConfigurationPlatforms) = preSolution
		Debug|Any CPU = Debug|Any CPU
		Release|Any CPU = Release|Any CPU
	EndGlobalSection
	GlobalSection(ProjectConfigurationPlatforms) = postSolution
		{2D431BAB-131D-4E29-980E-CE991304A0FF}.Debug|Any CPU.ActiveCfg = Debug|Any CPU
		{2D431BAB-131D-4E29-980E-CE991304A0FF}.Debug|Any CPU.Build.0 = Debug|Any CPU
		{2D431BAB-131D-4E29-980E-CE991304A0FF}.Release|Any CPU.ActiveCfg = Release|Any CPU
		{2D431BAB-131D-4E29-980E-CE991304A0FF}.Release|Any CPU.Build.0 = Release|Any CPU
		{C3CCDEE0-DC04-4517-9416-11AF30CF57F1}.Debug|Any CPU.ActiveCfg = Debug|Any CPU
		{C3CCDEE0-DC04-4517-9416-11AF30CF57F1}.Debug|Any CPU.Build.0 = Debug|Any CPU
		{C3CCDEE0-DC04-4517-9416-11AF30CF57F1}.Release|Any CPU.ActiveCfg = Release|Any CPU
		{C3CCDEE0-DC04-4517-9416-11AF30CF57F1}.Release|Any CPU.Build.0 = Release|Any CPU
	EndGlobalSection
	GlobalSection(SolutionProperties) = preSolution
		HideSolutionNode = FALSE
	EndGlobalSection
	GlobalSection(ExtensibilityGlobals) = postSolution
		SolutionGuid = {5D714D4A-235F-4727-85D5-A4C7CC84F9D2}
	EndGlobalSection
EndGlobal
